
Microsoft Visual Studio Solution File, Format Version 12.00
# Visual Studio Version 16
VisualStudioVersion = 16.0.30907.101
MinimumVisualStudioVersion = 10.0.40219.1
Project("{FAE04EC0-301F-11D3-BF4B-00C04F79EFBC}") = "Song Beater Map Mixer", "Song Beater Map Mixer\Song Beater Map Mixer.csproj", "{3CAD55CC-609C-42ED-80AE-AF9BCBACF408}"
EndProject
Global
	GlobalSection(SolutionConfigurationPlatforms) = preSolution
		Debug|Any CPU = Debug|Any CPU
		Release|Any CPU = Release|Any CPU
	EndGlobalSection
	GlobalSection(ProjectConfigurationPlatforms) = postSolution
		{3CAD55CC-609C-42ED-80AE-AF9BCBACF408}.Debug|Any CPU.ActiveCfg = Debug|Any CPU
		{3CAD55CC-609C-42ED-80AE-AF9BCBACF408}.Debug|Any CPU.Build.0 = Debug|Any CPU
		{3CAD55CC-609C-42ED-80AE-AF9BCBACF408}.Release|Any CPU.ActiveCfg = Release|Any CPU
		{3CAD55CC-609C-42ED-80AE-AF9BCBACF408}.Release|Any CPU.Build.0 = Release|Any CPU
	EndGlobalSection
	GlobalSection(SolutionProperties) = preSolution
		HideSolutionNode = FALSE
	EndGlobalSection
	GlobalSection(ExtensibilityGlobals) = postSolution
		SolutionGuid = {D3852CAE-313F-4792-86E6-0AF767F7BFB8}
	EndGlobalSection
EndGlobal
